
Microsoft Visual Studio Solution File, Format Version 12.00
# Visual Studio Version 17
VisualStudioVersion = 17.3.32929.385
MinimumVisualStudioVersion = 10.0.40219.1
Project("{9A19103F-16F7-4668-BE54-9A1E7A4F7556}") = "OpenVkNetApi", "OpenVkNetApi.csproj", "{F015B0A4-4DCE-468E-B18A-D0F4BF99B188}"
EndProject
Global
	GlobalSection(SolutionConfigurationPlatforms) = preSolution
		Debug|Any CPU = Debug|Any CPU
		Release|Any CPU = Release|Any CPU
	EndGlobalSection
	GlobalSection(ProjectConfigurationPlatforms) = postSolution
		{F015B0A4-4DCE-468E-B18A-D0F4BF99B188}.Debug|Any CPU.ActiveCfg = Debug|Any CPU
		{F015B0A4-4DCE-468E-B18A-D0F4BF99B188}.Debug|Any CPU.Build.0 = Debug|Any CPU
		{F015B0A4-4DCE-468E-B18A-D0F4BF99B188}.Release|Any CPU.ActiveCfg = Release|Any CPU
		{F015B0A4-4DCE-468E-B18A-D0F4BF99B188}.Release|Any CPU.Build.0 = Release|Any CPU
	EndGlobalSection
	GlobalSection(SolutionProperties) = preSolution
		HideSolutionNode = FALSE
	EndGlobalSection
	GlobalSection(ExtensibilityGlobals) = postSolution
		SolutionGuid = {D02517B0-4AB9-4767-AEFB-23424E78C708}
	EndGlobalSection
EndGlobal
